
Microsoft Visual Studio Solution File, Format Version 12.00
# Visual Studio 15
VisualStudioVersion = 15.0.26124.0
MinimumVisualStudioVersion = 15.0.26124.0
Project("{2150E333-8FDC-42A3-9474-1A3956D46DE8}") = "SimpleFactory", "SimpleFactory", "{37ED1E56-996C-48BD-94EF-3B52E5600F82}"
EndProject
Project("{FAE04EC0-301F-11D3-BF4B-00C04F79EFBC}") = "SimpleFactory", "SimpleFactory\src\SimpleFactory.csproj", "{6331802F-2943-4AD8-B846-159213C2A4B4}"
EndProject
Project("{FAE04EC0-301F-11D3-BF4B-00C04F79EFBC}") = "tests", "SimpleFactory\tests\SimpleFactoryTest.csproj", "{3AFAE60F-B07B-4992-AD0D-9F71EB4117C5}"
EndProject
Project("{2150E333-8FDC-42A3-9474-1A3956D46DE8}") = "FactoryMethod", "FactoryMethod", "{2EDC4EAB-FD5A-4D23-9F85-E2600D9C4E00}"
EndProject
Project("{FAE04EC0-301F-11D3-BF4B-00C04F79EFBC}") = "FactoryPattern", "FactoryMethod\src\FactoryPattern.csproj", "{D617D319-2570-4A1E-AF49-01C65086EA06}"
EndProject
Project("{FAE04EC0-301F-11D3-BF4B-00C04F79EFBC}") = "VehicleGame", "FactoryMethod\src\VehicleGame\VehicleGame.csproj", "{53973302-947F-44B3-8E0A-64FB6D8AD469}"
EndProject
Project("{2150E333-8FDC-42A3-9474-1A3956D46DE8}") = "Builder", "Builder", "{4B753FD4-3D90-4499-A627-569F6109EE78}"
EndProject
Project("{2150E333-8FDC-42A3-9474-1A3956D46DE8}") = "AbstractFactory", "AbstractFactory", "{3759EA65-06A7-4EE5-BD47-10D5BAE462BE}"
EndProject
Project("{FAE04EC0-301F-11D3-BF4B-00C04F79EFBC}") = "AbstractFactory", "AbstractFactory\src\Factory\AbstractFactory.csproj", "{1B9964FE-4491-43B7-963E-F532A8176C0A}"
EndProject
Project("{FAE04EC0-301F-11D3-BF4B-00C04F79EFBC}") = "VehicleGame", "AbstractFactory\src\VehicleGame\VehicleGame.csproj", "{53B97B2E-4EA2-426D-8ED8-601947719B62}"
EndProject
Project("{2150E333-8FDC-42A3-9474-1A3956D46DE8}") = "tests", "tests", "{1D289B68-0565-4970-BD93-FDAA0A80DFCC}"
EndProject
Project("{2150E333-8FDC-42A3-9474-1A3956D46DE8}") = "src", "src", "{4617BB61-8075-49A7-A363-804A9EA6E72D}"
EndProject
Project("{2150E333-8FDC-42A3-9474-1A3956D46DE8}") = "src", "src", "{29CB1293-7623-402D-BEE5-072189EE2A42}"
EndProject
Project("{2150E333-8FDC-42A3-9474-1A3956D46DE8}") = "tests", "tests", "{ADA75F44-11EC-4657-9295-C29CBA4AAF8E}"
EndProject
Project("{2150E333-8FDC-42A3-9474-1A3956D46DE8}") = "src", "src", "{C95856B4-D603-4EF8-910D-D8404EAB1AC4}"
EndProject
Project("{2150E333-8FDC-42A3-9474-1A3956D46DE8}") = "tests", "tests", "{2291A95A-BF82-480E-B0C1-967408E3C69C}"
EndProject
Project("{FAE04EC0-301F-11D3-BF4B-00C04F79EFBC}") = "FactoryPatternTest", "FactoryMethod\tests\FactoryPatternTest.csproj", "{445FB7AA-8ACF-4DF6-B041-B51487A9FB32}"
EndProject
Project("{2150E333-8FDC-42A3-9474-1A3956D46DE8}") = "src", "src", "{54E770DA-6F53-49D1-AD59-7D2015F2ECCD}"
EndProject
Project("{2150E333-8FDC-42A3-9474-1A3956D46DE8}") = "tests", "tests", "{2EF713E6-24A6-4907-8CD5-D49FD752F67F}"
EndProject
Project("{FAE04EC0-301F-11D3-BF4B-00C04F79EFBC}") = "BuilderPattern", "Builder\src\BuilderPattern.csproj", "{9A6F13C3-2E03-470D-9412-4239FBE1E06A}"
EndProject
Project("{FAE04EC0-301F-11D3-BF4B-00C04F79EFBC}") = "BuilderTests", "Builder\tests\BuilderTests\BuilderTests.csproj", "{C5DEDF96-97E7-4A27-9861-DF2CEC9C57D2}"
EndProject
Global
	GlobalSection(SolutionConfigurationPlatforms) = preSolution
		Debug|Any CPU = Debug|Any CPU
		Debug|x64 = Debug|x64
		Debug|x86 = Debug|x86
		Release|Any CPU = Release|Any CPU
		Release|x64 = Release|x64
		Release|x86 = Release|x86
	EndGlobalSection
	GlobalSection(SolutionProperties) = preSolution
		HideSolutionNode = FALSE
	EndGlobalSection
	GlobalSection(ProjectConfigurationPlatforms) = postSolution
		{6331802F-2943-4AD8-B846-159213C2A4B4}.Debug|Any CPU.ActiveCfg = Debug|Any CPU
		{6331802F-2943-4AD8-B846-159213C2A4B4}.Debug|Any CPU.Build.0 = Debug|Any CPU
		{6331802F-2943-4AD8-B846-159213C2A4B4}.Debug|x64.ActiveCfg = Debug|Any CPU
		{6331802F-2943-4AD8-B846-159213C2A4B4}.Debug|x64.Build.0 = Debug|Any CPU
		{6331802F-2943-4AD8-B846-159213C2A4B4}.Debug|x86.ActiveCfg = Debug|Any CPU
		{6331802F-2943-4AD8-B846-159213C2A4B4}.Debug|x86.Build.0 = Debug|Any CPU
		{6331802F-2943-4AD8-B846-159213C2A4B4}.Release|Any CPU.ActiveCfg = Release|Any CPU
		{6331802F-2943-4AD8-B846-159213C2A4B4}.Release|Any CPU.Build.0 = Release|Any CPU
		{6331802F-2943-4AD8-B846-159213C2A4B4}.Release|x64.ActiveCfg = Release|Any CPU
		{6331802F-2943-4AD8-B846-159213C2A4B4}.Release|x64.Build.0 = Release|Any CPU
		{6331802F-2943-4AD8-B846-159213C2A4B4}.Release|x86.ActiveCfg = Release|Any CPU
		{6331802F-2943-4AD8-B846-159213C2A4B4}.Release|x86.Build.0 = Release|Any CPU
		{3AFAE60F-B07B-4992-AD0D-9F71EB4117C5}.Debug|Any CPU.ActiveCfg = Debug|Any CPU
		{3AFAE60F-B07B-4992-AD0D-9F71EB4117C5}.Debug|Any CPU.Build.0 = Debug|Any CPU
		{3AFAE60F-B07B-4992-AD0D-9F71EB4117C5}.Debug|x64.ActiveCfg = Debug|Any CPU
		{3AFAE60F-B07B-4992-AD0D-9F71EB4117C5}.Debug|x64.Build.0 = Debug|Any CPU
		{3AFAE60F-B07B-4992-AD0D-9F71EB4117C5}.Debug|x86.ActiveCfg = Debug|Any CPU
		{3AFAE60F-B07B-4992-AD0D-9F71EB4117C5}.Debug|x86.Build.0 = Debug|Any CPU
		{3AFAE60F-B07B-4992-AD0D-9F71EB4117C5}.Release|Any CPU.ActiveCfg = Release|Any CPU
		{3AFAE60F-B07B-4992-AD0D-9F71EB4117C5}.Release|Any CPU.Build.0 = Release|Any CPU
		{3AFAE60F-B07B-4992-AD0D-9F71EB4117C5}.Release|x64.ActiveCfg = Release|Any CPU
		{3AFAE60F-B07B-4992-AD0D-9F71EB4117C5}.Release|x64.Build.0 = Release|Any CPU
		{3AFAE60F-B07B-4992-AD0D-9F71EB4117C5}.Release|x86.ActiveCfg = Release|Any CPU
		{3AFAE60F-B07B-4992-AD0D-9F71EB4117C5}.Release|x86.Build.0 = Release|Any CPU
		{D617D319-2570-4A1E-AF49-01C65086EA06}.Debug|Any CPU.ActiveCfg = Debug|Any CPU
		{D617D319-2570-4A1E-AF49-01C65086EA06}.Debug|Any CPU.Build.0 = Debug|Any CPU
		{D617D319-2570-4A1E-AF49-01C65086EA06}.Debug|x64.ActiveCfg = Debug|Any CPU
		{D617D319-2570-4A1E-AF49-01C65086EA06}.Debug|x64.Build.0 = Debug|Any CPU
		{D617D319-2570-4A1E-AF49-01C65086EA06}.Debug|x86.ActiveCfg = Debug|Any CPU
		{D617D319-2570-4A1E-AF49-01C65086EA06}.Debug|x86.Build.0 = Debug|Any CPU
		{D617D319-2570-4A1E-AF49-01C65086EA06}.Release|Any CPU.ActiveCfg = Release|Any CPU
		{D617D319-2570-4A1E-AF49-01C65086EA06}.Release|Any CPU.Build.0 = Release|Any CPU
		{D617D319-2570-4A1E-AF49-01C65086EA06}.Release|x64.ActiveCfg = Release|Any CPU
		{D617D319-2570-4A1E-AF49-01C65086EA06}.Release|x64.Build.0 = Release|Any CPU
		{D617D319-2570-4A1E-AF49-01C65086EA06}.Release|x86.ActiveCfg = Release|Any CPU
		{D617D319-2570-4A1E-AF49-01C65086EA06}.Release|x86.Build.0 = Release|Any CPU
		{53973302-947F-44B3-8E0A-64FB6D8AD469}.Debug|Any CPU.ActiveCfg = Debug|Any CPU
		{53973302-947F-44B3-8E0A-64FB6D8AD469}.Debug|Any CPU.Build.0 = Debug|Any CPU
		{53973302-947F-44B3-8E0A-64FB6D8AD469}.Debug|x64.ActiveCfg = Debug|Any CPU
		{53973302-947F-44B3-8E0A-64FB6D8AD469}.Debug|x64.Build.0 = Debug|Any CPU
		{53973302-947F-44B3-8E0A-64FB6D8AD469}.Debug|x86.ActiveCfg = Debug|Any CPU
		{53973302-947F-44B3-8E0A-64FB6D8AD469}.Debug|x86.Build.0 = Debug|Any CPU
		{53973302-947F-44B3-8E0A-64FB6D8AD469}.Release|Any CPU.ActiveCfg = Release|Any CPU
		{53973302-947F-44B3-8E0A-64FB6D8AD469}.Release|Any CPU.Build.0 = Release|Any CPU
		{53973302-947F-44B3-8E0A-64FB6D8AD469}.Release|x64.ActiveCfg = Release|Any CPU
		{53973302-947F-44B3-8E0A-64FB6D8AD469}.Release|x64.Build.0 = Release|Any CPU
		{53973302-947F-44B3-8E0A-64FB6D8AD469}.Release|x86.ActiveCfg = Release|Any CPU
		{53973302-947F-44B3-8E0A-64FB6D8AD469}.Release|x86.Build.0 = Release|Any CPU
		{1B9964FE-4491-43B7-963E-F532A8176C0A}.Debug|Any CPU.ActiveCfg = Debug|Any CPU
		{1B9964FE-4491-43B7-963E-F532A8176C0A}.Debug|Any CPU.Build.0 = Debug|Any CPU
		{1B9964FE-4491-43B7-963E-F532A8176C0A}.Debug|x64.ActiveCfg = Debug|Any CPU
		{1B9964FE-4491-43B7-963E-F532A8176C0A}.Debug|x64.Build.0 = Debug|Any CPU
		{1B9964FE-4491-43B7-963E-F532A8176C0A}.Debug|x86.ActiveCfg = Debug|Any CPU
		{1B9964FE-4491-43B7-963E-F532A8176C0A}.Debug|x86.Build.0 = Debug|Any CPU
		{1B9964FE-4491-43B7-963E-F532A8176C0A}.Release|Any CPU.ActiveCfg = Release|Any CPU
		{1B9964FE-4491-43B7-963E-F532A8176C0A}.Release|Any CPU.Build.0 = Release|Any CPU
		{1B9964FE-4491-43B7-963E-F532A8176C0A}.Release|x64.ActiveCfg = Release|Any CPU
		{1B9964FE-4491-43B7-963E-F532A8176C0A}.Release|x64.Build.0 = Release|Any CPU
		{1B9964FE-4491-43B7-963E-F532A8176C0A}.Release|x86.ActiveCfg = Release|Any CPU
		{1B9964FE-4491-43B7-963E-F532A8176C0A}.Release|x86.Build.0 = Release|Any CPU
		{53B97B2E-4EA2-426D-8ED8-601947719B62}.Debug|Any CPU.ActiveCfg = Debug|Any CPU
		{53B97B2E-4EA2-426D-8ED8-601947719B62}.Debug|Any CPU.Build.0 = Debug|Any CPU
		{53B97B2E-4EA2-426D-8ED8-601947719B62}.Debug|x64.ActiveCfg = Debug|Any CPU
		{53B97B2E-4EA2-426D-8ED8-601947719B62}.Debug|x64.Build.0 = Debug|Any CPU
		{53B97B2E-4EA2-426D-8ED8-601947719B62}.Debug|x86.ActiveCfg = Debug|Any CPU
		{53B97B2E-4EA2-426D-8ED8-601947719B62}.Debug|x86.Build.0 = Debug|Any CPU
		{53B97B2E-4EA2-426D-8ED8-601947719B62}.Release|Any CPU.ActiveCfg = Release|Any CPU
		{53B97B2E-4EA2-426D-8ED8-601947719B62}.Release|Any CPU.Build.0 = Release|Any CPU
		{53B97B2E-4EA2-426D-8ED8-601947719B62}.Release|x64.ActiveCfg = Release|Any CPU
		{53B97B2E-4EA2-426D-8ED8-601947719B62}.Release|x64.Build.0 = Release|Any CPU
		{53B97B2E-4EA2-426D-8ED8-601947719B62}.Release|x86.ActiveCfg = Release|Any CPU
		{53B97B2E-4EA2-426D-8ED8-601947719B62}.Release|x86.Build.0 = Release|Any CPU
		{445FB7AA-8ACF-4DF6-B041-B51487A9FB32}.Debug|Any CPU.ActiveCfg = Debug|Any CPU
		{445FB7AA-8ACF-4DF6-B041-B51487A9FB32}.Debug|Any CPU.Build.0 = Debug|Any CPU
		{445FB7AA-8ACF-4DF6-B041-B51487A9FB32}.Debug|x64.ActiveCfg = Debug|Any CPU
		{445FB7AA-8ACF-4DF6-B041-B51487A9FB32}.Debug|x64.Build.0 = Debug|Any CPU
		{445FB7AA-8ACF-4DF6-B041-B51487A9FB32}.Debug|x86.ActiveCfg = Debug|Any CPU
		{445FB7AA-8ACF-4DF6-B041-B51487A9FB32}.Debug|x86.Build.0 = Debug|Any CPU
		{445FB7AA-8ACF-4DF6-B041-B51487A9FB32}.Release|Any CPU.ActiveCfg = Release|Any CPU
		{445FB7AA-8ACF-4DF6-B041-B51487A9FB32}.Release|Any CPU.Build.0 = Release|Any CPU
		{445FB7AA-8ACF-4DF6-B041-B51487A9FB32}.Release|x64.ActiveCfg = Release|Any CPU
		{445FB7AA-8ACF-4DF6-B041-B51487A9FB32}.Release|x64.Build.0 = Release|Any CPU
		{445FB7AA-8ACF-4DF6-B041-B51487A9FB32}.Release|x86.ActiveCfg = Release|Any CPU
		{445FB7AA-8ACF-4DF6-B041-B51487A9FB32}.Release|x86.Build.0 = Release|Any CPU
		{9A6F13C3-2E03-470D-9412-4239FBE1E06A}.Debug|Any CPU.ActiveCfg = Debug|Any CPU
		{9A6F13C3-2E03-470D-9412-4239FBE1E06A}.Debug|Any CPU.Build.0 = Debug|Any CPU
		{9A6F13C3-2E03-470D-9412-4239FBE1E06A}.Debug|x64.ActiveCfg = Debug|Any CPU
		{9A6F13C3-2E03-470D-9412-4239FBE1E06A}.Debug|x64.Build.0 = Debug|Any CPU
		{9A6F13C3-2E03-470D-9412-4239FBE1E06A}.Debug|x86.ActiveCfg = Debug|Any CPU
		{9A6F13C3-2E03-470D-9412-4239FBE1E06A}.Debug|x86.Build.0 = Debug|Any CPU
		{9A6F13C3-2E03-470D-9412-4239FBE1E06A}.Release|Any CPU.ActiveCfg = Release|Any CPU
		{9A6F13C3-2E03-470D-9412-4239FBE1E06A}.Release|Any CPU.Build.0 = Release|Any CPU
		{9A6F13C3-2E03-470D-9412-4239FBE1E06A}.Release|x64.ActiveCfg = Release|Any CPU
		{9A6F13C3-2E03-470D-9412-4239FBE1E06A}.Release|x64.Build.0 = Release|Any CPU
		{9A6F13C3-2E03-470D-9412-4239FBE1E06A}.Release|x86.ActiveCfg = Release|Any CPU
		{9A6F13C3-2E03-470D-9412-4239FBE1E06A}.Release|x86.Build.0 = Release|Any CPU
		{C5DEDF96-97E7-4A27-9861-DF2CEC9C57D2}.Debug|Any CPU.ActiveCfg = Debug|Any CPU
		{C5DEDF96-97E7-4A27-9861-DF2CEC9C57D2}.Debug|Any CPU.Build.0 = Debug|Any CPU
		{C5DEDF96-97E7-4A27-9861-DF2CEC9C57D2}.Debug|x64.ActiveCfg = Debug|Any CPU
		{C5DEDF96-97E7-4A27-9861-DF2CEC9C57D2}.Debug|x64.Build.0 = Debug|Any CPU
		{C5DEDF96-97E7-4A27-9861-DF2CEC9C57D2}.Debug|x86.ActiveCfg = Debug|Any CPU
		{C5DEDF96-97E7-4A27-9861-DF2CEC9C57D2}.Debug|x86.Build.0 = Debug|Any CPU
		{C5DEDF96-97E7-4A27-9861-DF2CEC9C57D2}.Release|Any CPU.ActiveCfg = Release|Any CPU
		{C5DEDF96-97E7-4A27-9861-DF2CEC9C57D2}.Release|Any CPU.Build.0 = Release|Any CPU
		{C5DEDF96-97E7-4A27-9861-DF2CEC9C57D2}.Release|x64.ActiveCfg = Release|Any CPU
		{C5DEDF96-97E7-4A27-9861-DF2CEC9C57D2}.Release|x64.Build.0 = Release|Any CPU
		{C5DEDF96-97E7-4A27-9861-DF2CEC9C57D2}.Release|x86.ActiveCfg = Release|Any CPU
		{C5DEDF96-97E7-4A27-9861-DF2CEC9C57D2}.Release|x86.Build.0 = Release|Any CPU
	EndGlobalSection
	GlobalSection(NestedProjects) = preSolution
		{1D289B68-0565-4970-BD93-FDAA0A80DFCC} = {4B753FD4-3D90-4499-A627-569F6109EE78}
		{4617BB61-8075-49A7-A363-804A9EA6E72D} = {4B753FD4-3D90-4499-A627-569F6109EE78}
		{29CB1293-7623-402D-BEE5-072189EE2A42} = {3759EA65-06A7-4EE5-BD47-10D5BAE462BE}
		{ADA75F44-11EC-4657-9295-C29CBA4AAF8E} = {3759EA65-06A7-4EE5-BD47-10D5BAE462BE}
		{1B9964FE-4491-43B7-963E-F532A8176C0A} = {29CB1293-7623-402D-BEE5-072189EE2A42}
		{53B97B2E-4EA2-426D-8ED8-601947719B62} = {29CB1293-7623-402D-BEE5-072189EE2A42}
		{C95856B4-D603-4EF8-910D-D8404EAB1AC4} = {2EDC4EAB-FD5A-4D23-9F85-E2600D9C4E00}
		{D617D319-2570-4A1E-AF49-01C65086EA06} = {C95856B4-D603-4EF8-910D-D8404EAB1AC4}
		{53973302-947F-44B3-8E0A-64FB6D8AD469} = {C95856B4-D603-4EF8-910D-D8404EAB1AC4}
		{2291A95A-BF82-480E-B0C1-967408E3C69C} = {2EDC4EAB-FD5A-4D23-9F85-E2600D9C4E00}
		{445FB7AA-8ACF-4DF6-B041-B51487A9FB32} = {2291A95A-BF82-480E-B0C1-967408E3C69C}
		{54E770DA-6F53-49D1-AD59-7D2015F2ECCD} = {37ED1E56-996C-48BD-94EF-3B52E5600F82}
		{2EF713E6-24A6-4907-8CD5-D49FD752F67F} = {37ED1E56-996C-48BD-94EF-3B52E5600F82}
		{6331802F-2943-4AD8-B846-159213C2A4B4} = {54E770DA-6F53-49D1-AD59-7D2015F2ECCD}
		{3AFAE60F-B07B-4992-AD0D-9F71EB4117C5} = {2EF713E6-24A6-4907-8CD5-D49FD752F67F}
		{9A6F13C3-2E03-470D-9412-4239FBE1E06A} = {4617BB61-8075-49A7-A363-804A9EA6E72D}
		{C5DEDF96-97E7-4A27-9861-DF2CEC9C57D2} = {1D289B68-0565-4970-BD93-FDAA0A80DFCC}
	EndGlobalSection
EndGlobal
