
Microsoft Visual Studio Solution File, Format Version 12.00
# Visual Studio 15
VisualStudioVersion = 15.0.26124.0
MinimumVisualStudioVersion = 15.0.26124.0
Project("{2150E333-8FDC-42A3-9474-1A3956D46DE8}") = "SimpleFactoryPattern", "SimpleFactoryPattern", "{37ED1E56-996C-48BD-94EF-3B52E5600F82}"
EndProject
Project("{FAE04EC0-301F-11D3-BF4B-00C04F79EFBC}") = "SimpleFactory", "SimpleFactoryPattern\src\SimpleFactory.csproj", "{6331802F-2943-4AD8-B846-159213C2A4B4}"
EndProject
Project("{FAE04EC0-301F-11D3-BF4B-00C04F79EFBC}") = "SimpleFactoryTest", "SimpleFactoryPattern\tests\SimpleFactoryTest.csproj", "{3AFAE60F-B07B-4992-AD0D-9F71EB4117C5}"
EndProject
Project("{2150E333-8FDC-42A3-9474-1A3956D46DE8}") = "FactoryMethod", "FactoryMethod", "{2EDC4EAB-FD5A-4D23-9F85-E2600D9C4E00}"
EndProject
Project("{FAE04EC0-301F-11D3-BF4B-00C04F79EFBC}") = "FactoryPattern", "FactoryPattern\src\FactoryPattern.csproj", "{D617D319-2570-4A1E-AF49-01C65086EA06}"
EndProject
Project("{FAE04EC0-301F-11D3-BF4B-00C04F79EFBC}") = "VehicleGame", "FactoryPattern\src\VehicleGame\VehicleGame.csproj", "{53973302-947F-44B3-8E0A-64FB6D8AD469}"
EndProject
Global
	GlobalSection(SolutionConfigurationPlatforms) = preSolution
		Debug|Any CPU = Debug|Any CPU
		Debug|x64 = Debug|x64
		Debug|x86 = Debug|x86
		Release|Any CPU = Release|Any CPU
		Release|x64 = Release|x64
		Release|x86 = Release|x86
	EndGlobalSection
	GlobalSection(SolutionProperties) = preSolution
		HideSolutionNode = FALSE
	EndGlobalSection
	GlobalSection(ProjectConfigurationPlatforms) = postSolution
		{6331802F-2943-4AD8-B846-159213C2A4B4}.Debug|Any CPU.ActiveCfg = Debug|Any CPU
		{6331802F-2943-4AD8-B846-159213C2A4B4}.Debug|Any CPU.Build.0 = Debug|Any CPU
		{6331802F-2943-4AD8-B846-159213C2A4B4}.Debug|x64.ActiveCfg = Debug|Any CPU
		{6331802F-2943-4AD8-B846-159213C2A4B4}.Debug|x64.Build.0 = Debug|Any CPU
		{6331802F-2943-4AD8-B846-159213C2A4B4}.Debug|x86.ActiveCfg = Debug|Any CPU
		{6331802F-2943-4AD8-B846-159213C2A4B4}.Debug|x86.Build.0 = Debug|Any CPU
		{6331802F-2943-4AD8-B846-159213C2A4B4}.Release|Any CPU.ActiveCfg = Release|Any CPU
		{6331802F-2943-4AD8-B846-159213C2A4B4}.Release|Any CPU.Build.0 = Release|Any CPU
		{6331802F-2943-4AD8-B846-159213C2A4B4}.Release|x64.ActiveCfg = Release|Any CPU
		{6331802F-2943-4AD8-B846-159213C2A4B4}.Release|x64.Build.0 = Release|Any CPU
		{6331802F-2943-4AD8-B846-159213C2A4B4}.Release|x86.ActiveCfg = Release|Any CPU
		{6331802F-2943-4AD8-B846-159213C2A4B4}.Release|x86.Build.0 = Release|Any CPU
		{3AFAE60F-B07B-4992-AD0D-9F71EB4117C5}.Debug|Any CPU.ActiveCfg = Debug|Any CPU
		{3AFAE60F-B07B-4992-AD0D-9F71EB4117C5}.Debug|Any CPU.Build.0 = Debug|Any CPU
		{3AFAE60F-B07B-4992-AD0D-9F71EB4117C5}.Debug|x64.ActiveCfg = Debug|Any CPU
		{3AFAE60F-B07B-4992-AD0D-9F71EB4117C5}.Debug|x64.Build.0 = Debug|Any CPU
		{3AFAE60F-B07B-4992-AD0D-9F71EB4117C5}.Debug|x86.ActiveCfg = Debug|Any CPU
		{3AFAE60F-B07B-4992-AD0D-9F71EB4117C5}.Debug|x86.Build.0 = Debug|Any CPU
		{3AFAE60F-B07B-4992-AD0D-9F71EB4117C5}.Release|Any CPU.ActiveCfg = Release|Any CPU
		{3AFAE60F-B07B-4992-AD0D-9F71EB4117C5}.Release|Any CPU.Build.0 = Release|Any CPU
		{3AFAE60F-B07B-4992-AD0D-9F71EB4117C5}.Release|x64.ActiveCfg = Release|Any CPU
		{3AFAE60F-B07B-4992-AD0D-9F71EB4117C5}.Release|x64.Build.0 = Release|Any CPU
		{3AFAE60F-B07B-4992-AD0D-9F71EB4117C5}.Release|x86.ActiveCfg = Release|Any CPU
		{3AFAE60F-B07B-4992-AD0D-9F71EB4117C5}.Release|x86.Build.0 = Release|Any CPU
		{D617D319-2570-4A1E-AF49-01C65086EA06}.Debug|Any CPU.ActiveCfg = Debug|Any CPU
		{D617D319-2570-4A1E-AF49-01C65086EA06}.Debug|Any CPU.Build.0 = Debug|Any CPU
		{D617D319-2570-4A1E-AF49-01C65086EA06}.Debug|x64.ActiveCfg = Debug|Any CPU
		{D617D319-2570-4A1E-AF49-01C65086EA06}.Debug|x64.Build.0 = Debug|Any CPU
		{D617D319-2570-4A1E-AF49-01C65086EA06}.Debug|x86.ActiveCfg = Debug|Any CPU
		{D617D319-2570-4A1E-AF49-01C65086EA06}.Debug|x86.Build.0 = Debug|Any CPU
		{D617D319-2570-4A1E-AF49-01C65086EA06}.Release|Any CPU.ActiveCfg = Release|Any CPU
		{D617D319-2570-4A1E-AF49-01C65086EA06}.Release|Any CPU.Build.0 = Release|Any CPU
		{D617D319-2570-4A1E-AF49-01C65086EA06}.Release|x64.ActiveCfg = Release|Any CPU
		{D617D319-2570-4A1E-AF49-01C65086EA06}.Release|x64.Build.0 = Release|Any CPU
		{D617D319-2570-4A1E-AF49-01C65086EA06}.Release|x86.ActiveCfg = Release|Any CPU
		{D617D319-2570-4A1E-AF49-01C65086EA06}.Release|x86.Build.0 = Release|Any CPU
		{53973302-947F-44B3-8E0A-64FB6D8AD469}.Debug|Any CPU.ActiveCfg = Debug|Any CPU
		{53973302-947F-44B3-8E0A-64FB6D8AD469}.Debug|Any CPU.Build.0 = Debug|Any CPU
		{53973302-947F-44B3-8E0A-64FB6D8AD469}.Debug|x64.ActiveCfg = Debug|Any CPU
		{53973302-947F-44B3-8E0A-64FB6D8AD469}.Debug|x64.Build.0 = Debug|Any CPU
		{53973302-947F-44B3-8E0A-64FB6D8AD469}.Debug|x86.ActiveCfg = Debug|Any CPU
		{53973302-947F-44B3-8E0A-64FB6D8AD469}.Debug|x86.Build.0 = Debug|Any CPU
		{53973302-947F-44B3-8E0A-64FB6D8AD469}.Release|Any CPU.ActiveCfg = Release|Any CPU
		{53973302-947F-44B3-8E0A-64FB6D8AD469}.Release|Any CPU.Build.0 = Release|Any CPU
		{53973302-947F-44B3-8E0A-64FB6D8AD469}.Release|x64.ActiveCfg = Release|Any CPU
		{53973302-947F-44B3-8E0A-64FB6D8AD469}.Release|x64.Build.0 = Release|Any CPU
		{53973302-947F-44B3-8E0A-64FB6D8AD469}.Release|x86.ActiveCfg = Release|Any CPU
		{53973302-947F-44B3-8E0A-64FB6D8AD469}.Release|x86.Build.0 = Release|Any CPU
	EndGlobalSection
	GlobalSection(NestedProjects) = preSolution
		{6331802F-2943-4AD8-B846-159213C2A4B4} = {37ED1E56-996C-48BD-94EF-3B52E5600F82}
		{3AFAE60F-B07B-4992-AD0D-9F71EB4117C5} = {37ED1E56-996C-48BD-94EF-3B52E5600F82}
		{D617D319-2570-4A1E-AF49-01C65086EA06} = {2EDC4EAB-FD5A-4D23-9F85-E2600D9C4E00}
		{53973302-947F-44B3-8E0A-64FB6D8AD469} = {2EDC4EAB-FD5A-4D23-9F85-E2600D9C4E00}
	EndGlobalSection
EndGlobal
