
Microsoft Visual Studio Solution File, Format Version 12.00
# Visual Studio 15
VisualStudioVersion = 15.0.26124.0
MinimumVisualStudioVersion = 15.0.26124.0
Project("{FAE04EC0-301F-11D3-BF4B-00C04F79EFBC}") = "FactoryPattern", "src\FactoryPattern.csproj", "{F41CA761-DB72-4454-91BC-3BB7BA274814}"
EndProject
Project("{2150E333-8FDC-42A3-9474-1A3956D46DE8}") = "src", "src", "{D4948635-5592-443B-B9EE-374E374898C6}"
EndProject
Project("{FAE04EC0-301F-11D3-BF4B-00C04F79EFBC}") = "VehicleGame", "src\VehicleGame\VehicleGame.csproj", "{33B4BB3B-E553-40B5-9992-E6908993B4BE}"
EndProject
Project("{FAE04EC0-301F-11D3-BF4B-00C04F79EFBC}") = "FactoryPatternTest", "tests\FactoryPatternTest.csproj", "{DA5E2649-C03E-4198-9181-6419FF3A8DB4}"
EndProject
Global
	GlobalSection(SolutionConfigurationPlatforms) = preSolution
		Debug|Any CPU = Debug|Any CPU
		Debug|x64 = Debug|x64
		Debug|x86 = Debug|x86
		Release|Any CPU = Release|Any CPU
		Release|x64 = Release|x64
		Release|x86 = Release|x86
	EndGlobalSection
	GlobalSection(SolutionProperties) = preSolution
		HideSolutionNode = FALSE
	EndGlobalSection
	GlobalSection(ProjectConfigurationPlatforms) = postSolution
		{F41CA761-DB72-4454-91BC-3BB7BA274814}.Debug|Any CPU.ActiveCfg = Debug|Any CPU
		{F41CA761-DB72-4454-91BC-3BB7BA274814}.Debug|Any CPU.Build.0 = Debug|Any CPU
		{F41CA761-DB72-4454-91BC-3BB7BA274814}.Debug|x64.ActiveCfg = Debug|Any CPU
		{F41CA761-DB72-4454-91BC-3BB7BA274814}.Debug|x64.Build.0 = Debug|Any CPU
		{F41CA761-DB72-4454-91BC-3BB7BA274814}.Debug|x86.ActiveCfg = Debug|Any CPU
		{F41CA761-DB72-4454-91BC-3BB7BA274814}.Debug|x86.Build.0 = Debug|Any CPU
		{F41CA761-DB72-4454-91BC-3BB7BA274814}.Release|Any CPU.ActiveCfg = Release|Any CPU
		{F41CA761-DB72-4454-91BC-3BB7BA274814}.Release|Any CPU.Build.0 = Release|Any CPU
		{F41CA761-DB72-4454-91BC-3BB7BA274814}.Release|x64.ActiveCfg = Release|Any CPU
		{F41CA761-DB72-4454-91BC-3BB7BA274814}.Release|x64.Build.0 = Release|Any CPU
		{F41CA761-DB72-4454-91BC-3BB7BA274814}.Release|x86.ActiveCfg = Release|Any CPU
		{F41CA761-DB72-4454-91BC-3BB7BA274814}.Release|x86.Build.0 = Release|Any CPU
		{33B4BB3B-E553-40B5-9992-E6908993B4BE}.Debug|Any CPU.ActiveCfg = Debug|Any CPU
		{33B4BB3B-E553-40B5-9992-E6908993B4BE}.Debug|Any CPU.Build.0 = Debug|Any CPU
		{33B4BB3B-E553-40B5-9992-E6908993B4BE}.Debug|x64.ActiveCfg = Debug|Any CPU
		{33B4BB3B-E553-40B5-9992-E6908993B4BE}.Debug|x64.Build.0 = Debug|Any CPU
		{33B4BB3B-E553-40B5-9992-E6908993B4BE}.Debug|x86.ActiveCfg = Debug|Any CPU
		{33B4BB3B-E553-40B5-9992-E6908993B4BE}.Debug|x86.Build.0 = Debug|Any CPU
		{33B4BB3B-E553-40B5-9992-E6908993B4BE}.Release|Any CPU.ActiveCfg = Release|Any CPU
		{33B4BB3B-E553-40B5-9992-E6908993B4BE}.Release|Any CPU.Build.0 = Release|Any CPU
		{33B4BB3B-E553-40B5-9992-E6908993B4BE}.Release|x64.ActiveCfg = Release|Any CPU
		{33B4BB3B-E553-40B5-9992-E6908993B4BE}.Release|x64.Build.0 = Release|Any CPU
		{33B4BB3B-E553-40B5-9992-E6908993B4BE}.Release|x86.ActiveCfg = Release|Any CPU
		{33B4BB3B-E553-40B5-9992-E6908993B4BE}.Release|x86.Build.0 = Release|Any CPU
		{DA5E2649-C03E-4198-9181-6419FF3A8DB4}.Debug|Any CPU.ActiveCfg = Debug|Any CPU
		{DA5E2649-C03E-4198-9181-6419FF3A8DB4}.Debug|Any CPU.Build.0 = Debug|Any CPU
		{DA5E2649-C03E-4198-9181-6419FF3A8DB4}.Debug|x64.ActiveCfg = Debug|Any CPU
		{DA5E2649-C03E-4198-9181-6419FF3A8DB4}.Debug|x64.Build.0 = Debug|Any CPU
		{DA5E2649-C03E-4198-9181-6419FF3A8DB4}.Debug|x86.ActiveCfg = Debug|Any CPU
		{DA5E2649-C03E-4198-9181-6419FF3A8DB4}.Debug|x86.Build.0 = Debug|Any CPU
		{DA5E2649-C03E-4198-9181-6419FF3A8DB4}.Release|Any CPU.ActiveCfg = Release|Any CPU
		{DA5E2649-C03E-4198-9181-6419FF3A8DB4}.Release|Any CPU.Build.0 = Release|Any CPU
		{DA5E2649-C03E-4198-9181-6419FF3A8DB4}.Release|x64.ActiveCfg = Release|Any CPU
		{DA5E2649-C03E-4198-9181-6419FF3A8DB4}.Release|x64.Build.0 = Release|Any CPU
		{DA5E2649-C03E-4198-9181-6419FF3A8DB4}.Release|x86.ActiveCfg = Release|Any CPU
		{DA5E2649-C03E-4198-9181-6419FF3A8DB4}.Release|x86.Build.0 = Release|Any CPU
	EndGlobalSection
	GlobalSection(NestedProjects) = preSolution
		{33B4BB3B-E553-40B5-9992-E6908993B4BE} = {D4948635-5592-443B-B9EE-374E374898C6}
	EndGlobalSection
EndGlobal
